
Microsoft Visual Studio Solution File, Format Version 12.00
# Visual Studio Version 16
VisualStudioVersion = 16.0.30011.22
MinimumVisualStudioVersion = 10.0.40219.1
Project("{9A19103F-16F7-4668-BE54-9A1E7A4F7556}") = "Strategy", "Strategy\Strategy.csproj", "{8B63F9B2-65E1-47A8-A62C-0E8EAF074A27}"
EndProject
Project("{9A19103F-16F7-4668-BE54-9A1E7A4F7556}") = "Observer", "Observer\Observer.csproj", "{C05F7429-681C-4402-BF92-422FAF55FE90}"
EndProject
Project("{9A19103F-16F7-4668-BE54-9A1E7A4F7556}") = "Decorator", "Decorator\Decorator.csproj", "{134A5F01-DE03-40B3-AD23-1EBE83375546}"
EndProject
Project("{9A19103F-16F7-4668-BE54-9A1E7A4F7556}") = "Factory", "Factory\Factory.csproj", "{3D795E5E-B734-4665-B0D5-4E2AF8FF048A}"
EndProject
Project("{9A19103F-16F7-4668-BE54-9A1E7A4F7556}") = "AbstractFactory", "AbstractFactory\AbstractFactory.csproj", "{56D5C43E-3DE2-4BD5-BD5E-05825CB906F8}"
EndProject
Project("{9A19103F-16F7-4668-BE54-9A1E7A4F7556}") = "Singleton", "Singleton\Singleton.csproj", "{47CCAFE3-ABBE-45BA-A07E-6BC3628E5734}"
EndProject
Project("{9A19103F-16F7-4668-BE54-9A1E7A4F7556}") = "Command", "Command\Command.csproj", "{4D84F8C9-49F8-4FD5-9092-B4F5F9A7B598}"
EndProject
Project("{9A19103F-16F7-4668-BE54-9A1E7A4F7556}") = "Adapter", "Adapter\Adapter.csproj", "{308DE5C8-CFE3-4F5F-813B-8DDFFAB57A5E}"
EndProject
Project("{9A19103F-16F7-4668-BE54-9A1E7A4F7556}") = "Facade", "Facade\Facade.csproj", "{69B3B569-9F6B-4570-BB01-AB8AB3FD3A4F}"
EndProject
Project("{9A19103F-16F7-4668-BE54-9A1E7A4F7556}") = "Template", "Template\Template.csproj", "{0F90F415-DBB1-4A1C-8882-E66F1490CC2F}"
EndProject
Project("{9A19103F-16F7-4668-BE54-9A1E7A4F7556}") = "Iterator", "Iterator\Iterator.csproj", "{7762BF8D-7E4E-4C49-8BD1-101724D282EE}"
EndProject
Project("{9A19103F-16F7-4668-BE54-9A1E7A4F7556}") = "Composite", "Composite\Composite.csproj", "{BA68D1B2-23B2-43C3-B792-EADFF7BD2E58}"
EndProject
Project("{FAE04EC0-301F-11D3-BF4B-00C04F79EFBC}") = "State", "State\State.csproj", "{AF2CAB26-3AA6-444E-9A9A-46FD06A5FE6D}"
EndProject
Global
	GlobalSection(SolutionConfigurationPlatforms) = preSolution
		Debug|Any CPU = Debug|Any CPU
		Release|Any CPU = Release|Any CPU
	EndGlobalSection
	GlobalSection(ProjectConfigurationPlatforms) = postSolution
		{8B63F9B2-65E1-47A8-A62C-0E8EAF074A27}.Debug|Any CPU.ActiveCfg = Debug|Any CPU
		{8B63F9B2-65E1-47A8-A62C-0E8EAF074A27}.Debug|Any CPU.Build.0 = Debug|Any CPU
		{8B63F9B2-65E1-47A8-A62C-0E8EAF074A27}.Release|Any CPU.ActiveCfg = Release|Any CPU
		{8B63F9B2-65E1-47A8-A62C-0E8EAF074A27}.Release|Any CPU.Build.0 = Release|Any CPU
		{C05F7429-681C-4402-BF92-422FAF55FE90}.Debug|Any CPU.ActiveCfg = Debug|Any CPU
		{C05F7429-681C-4402-BF92-422FAF55FE90}.Debug|Any CPU.Build.0 = Debug|Any CPU
		{C05F7429-681C-4402-BF92-422FAF55FE90}.Release|Any CPU.ActiveCfg = Release|Any CPU
		{C05F7429-681C-4402-BF92-422FAF55FE90}.Release|Any CPU.Build.0 = Release|Any CPU
		{134A5F01-DE03-40B3-AD23-1EBE83375546}.Debug|Any CPU.ActiveCfg = Debug|Any CPU
		{134A5F01-DE03-40B3-AD23-1EBE83375546}.Debug|Any CPU.Build.0 = Debug|Any CPU
		{134A5F01-DE03-40B3-AD23-1EBE83375546}.Release|Any CPU.ActiveCfg = Release|Any CPU
		{134A5F01-DE03-40B3-AD23-1EBE83375546}.Release|Any CPU.Build.0 = Release|Any CPU
		{3D795E5E-B734-4665-B0D5-4E2AF8FF048A}.Debug|Any CPU.ActiveCfg = Debug|Any CPU
		{3D795E5E-B734-4665-B0D5-4E2AF8FF048A}.Debug|Any CPU.Build.0 = Debug|Any CPU
		{3D795E5E-B734-4665-B0D5-4E2AF8FF048A}.Release|Any CPU.ActiveCfg = Release|Any CPU
		{3D795E5E-B734-4665-B0D5-4E2AF8FF048A}.Release|Any CPU.Build.0 = Release|Any CPU
		{56D5C43E-3DE2-4BD5-BD5E-05825CB906F8}.Debug|Any CPU.ActiveCfg = Debug|Any CPU
		{56D5C43E-3DE2-4BD5-BD5E-05825CB906F8}.Debug|Any CPU.Build.0 = Debug|Any CPU
		{56D5C43E-3DE2-4BD5-BD5E-05825CB906F8}.Release|Any CPU.ActiveCfg = Release|Any CPU
		{56D5C43E-3DE2-4BD5-BD5E-05825CB906F8}.Release|Any CPU.Build.0 = Release|Any CPU
		{47CCAFE3-ABBE-45BA-A07E-6BC3628E5734}.Debug|Any CPU.ActiveCfg = Debug|Any CPU
		{47CCAFE3-ABBE-45BA-A07E-6BC3628E5734}.Debug|Any CPU.Build.0 = Debug|Any CPU
		{47CCAFE3-ABBE-45BA-A07E-6BC3628E5734}.Release|Any CPU.ActiveCfg = Release|Any CPU
		{47CCAFE3-ABBE-45BA-A07E-6BC3628E5734}.Release|Any CPU.Build.0 = Release|Any CPU
		{4D84F8C9-49F8-4FD5-9092-B4F5F9A7B598}.Debug|Any CPU.ActiveCfg = Debug|Any CPU
		{4D84F8C9-49F8-4FD5-9092-B4F5F9A7B598}.Debug|Any CPU.Build.0 = Debug|Any CPU
		{4D84F8C9-49F8-4FD5-9092-B4F5F9A7B598}.Release|Any CPU.ActiveCfg = Release|Any CPU
		{4D84F8C9-49F8-4FD5-9092-B4F5F9A7B598}.Release|Any CPU.Build.0 = Release|Any CPU
		{308DE5C8-CFE3-4F5F-813B-8DDFFAB57A5E}.Debug|Any CPU.ActiveCfg = Debug|Any CPU
		{308DE5C8-CFE3-4F5F-813B-8DDFFAB57A5E}.Debug|Any CPU.Build.0 = Debug|Any CPU
		{308DE5C8-CFE3-4F5F-813B-8DDFFAB57A5E}.Release|Any CPU.ActiveCfg = Release|Any CPU
		{308DE5C8-CFE3-4F5F-813B-8DDFFAB57A5E}.Release|Any CPU.Build.0 = Release|Any CPU
		{69B3B569-9F6B-4570-BB01-AB8AB3FD3A4F}.Debug|Any CPU.ActiveCfg = Debug|Any CPU
		{69B3B569-9F6B-4570-BB01-AB8AB3FD3A4F}.Debug|Any CPU.Build.0 = Debug|Any CPU
		{69B3B569-9F6B-4570-BB01-AB8AB3FD3A4F}.Release|Any CPU.ActiveCfg = Release|Any CPU
		{69B3B569-9F6B-4570-BB01-AB8AB3FD3A4F}.Release|Any CPU.Build.0 = Release|Any CPU
		{0F90F415-DBB1-4A1C-8882-E66F1490CC2F}.Debug|Any CPU.ActiveCfg = Debug|Any CPU
		{0F90F415-DBB1-4A1C-8882-E66F1490CC2F}.Debug|Any CPU.Build.0 = Debug|Any CPU
		{0F90F415-DBB1-4A1C-8882-E66F1490CC2F}.Release|Any CPU.ActiveCfg = Release|Any CPU
		{0F90F415-DBB1-4A1C-8882-E66F1490CC2F}.Release|Any CPU.Build.0 = Release|Any CPU
		{7762BF8D-7E4E-4C49-8BD1-101724D282EE}.Debug|Any CPU.ActiveCfg = Debug|Any CPU
		{7762BF8D-7E4E-4C49-8BD1-101724D282EE}.Debug|Any CPU.Build.0 = Debug|Any CPU
		{7762BF8D-7E4E-4C49-8BD1-101724D282EE}.Release|Any CPU.ActiveCfg = Release|Any CPU
		{7762BF8D-7E4E-4C49-8BD1-101724D282EE}.Release|Any CPU.Build.0 = Release|Any CPU
		{BA68D1B2-23B2-43C3-B792-EADFF7BD2E58}.Debug|Any CPU.ActiveCfg = Debug|Any CPU
		{BA68D1B2-23B2-43C3-B792-EADFF7BD2E58}.Debug|Any CPU.Build.0 = Debug|Any CPU
		{BA68D1B2-23B2-43C3-B792-EADFF7BD2E58}.Release|Any CPU.ActiveCfg = Release|Any CPU
		{BA68D1B2-23B2-43C3-B792-EADFF7BD2E58}.Release|Any CPU.Build.0 = Release|Any CPU
		{AF2CAB26-3AA6-444E-9A9A-46FD06A5FE6D}.Debug|Any CPU.ActiveCfg = Debug|Any CPU
		{AF2CAB26-3AA6-444E-9A9A-46FD06A5FE6D}.Debug|Any CPU.Build.0 = Debug|Any CPU
		{AF2CAB26-3AA6-444E-9A9A-46FD06A5FE6D}.Release|Any CPU.ActiveCfg = Release|Any CPU
		{AF2CAB26-3AA6-444E-9A9A-46FD06A5FE6D}.Release|Any CPU.Build.0 = Release|Any CPU
	EndGlobalSection
	GlobalSection(SolutionProperties) = preSolution
		HideSolutionNode = FALSE
	EndGlobalSection
	GlobalSection(ExtensibilityGlobals) = postSolution
		SolutionGuid = {C71E7A51-259E-4F5D-8816-8F6FB01F6BA2}
	EndGlobalSection
EndGlobal
